
Microsoft Visual Studio Solution File, Format Version 12.00
# Visual Studio Version 16
VisualStudioVersion = 16.0.29519.87
MinimumVisualStudioVersion = 10.0.40219.1
Project("{FAE04EC0-301F-11D3-BF4B-00C04F79EFBC}") = "weather", "weather\weather.csproj", "{8191EC55-86A2-443F-BBF8-E825260D735B}"
EndProject
Global
	GlobalSection(SolutionConfigurationPlatforms) = preSolution
		Debug|Any CPU = Debug|Any CPU
		Release|Any CPU = Release|Any CPU
	EndGlobalSection
	GlobalSection(ProjectConfigurationPlatforms) = postSolution
		{8191EC55-86A2-443F-BBF8-E825260D735B}.Debug|Any CPU.ActiveCfg = Debug|Any CPU
		{8191EC55-86A2-443F-BBF8-E825260D735B}.Debug|Any CPU.Build.0 = Debug|Any CPU
		{8191EC55-86A2-443F-BBF8-E825260D735B}.Release|Any CPU.ActiveCfg = Release|Any CPU
		{8191EC55-86A2-443F-BBF8-E825260D735B}.Release|Any CPU.Build.0 = Release|Any CPU
	EndGlobalSection
	GlobalSection(SolutionProperties) = preSolution
		HideSolutionNode = FALSE
	EndGlobalSection
	GlobalSection(ExtensibilityGlobals) = postSolution
		SolutionGuid = {3A81463B-253C-4E90-A928-E2146A960EAD}
	EndGlobalSection
EndGlobal
